// !$*UTF8*$!
{
	archiveVersion = 1;
	classes = {
	};
	objectVersion = 55;
	objects = {

/* Begin PBXBuildFile section */
		45C65E7C27AF5E97007EE755 /* AppDelegate.swift in Sources */ = {isa = PBXBuildFile; fileRef = 45C65E7B27AF5E97007EE755 /* AppDelegate.swift */; };
		45C65E7E27AF5E97007EE755 /* SceneDelegate.swift in Sources */ = {isa = PBXBuildFile; fileRef = 45C65E7D27AF5E97007EE755 /* SceneDelegate.swift */; };
		45C65E8027AF5E97007EE755 /* ViewController.swift in Sources */ = {isa = PBXBuildFile; fileRef = 45C65E7F27AF5E97007EE755 /* ViewController.swift */; };
		45C65E8327AF5E97007EE755 /* Main.storyboard in Resources */ = {isa = PBXBuildFile; fileRef = 45C65E8127AF5E97007EE755 /* Main.storyboard */; };
		45C65E8827AF5E9A007EE755 /* LaunchScreen.storyboard in Resources */ = {isa = PBXBuildFile; fileRef = 45C65E8627AF5E9A007EE755 /* LaunchScreen.storyboard */; };
		45C65EAF27AF614E007EE755 /* Presenter.swift in Sources */ = {isa = PBXBuildFile; fileRef = 45C65EAE27AF614E007EE755 /* Presenter.swift */; };
		45C65EB127AF6156007EE755 /* Model.swift in Sources */ = {isa = PBXBuildFile; fileRef = 45C65EB027AF6156007EE755 /* Model.swift */; };
/* End PBXBuildFile section */

/* Begin PBXContainerItemProxy section */
		45C65E8F27AF5E9A007EE755 /* PBXContainerItemProxy */ = {
			isa = PBXContainerItemProxy;
			containerPortal = 45C65E7027AF5E97007EE755 /* Project object */;
			proxyType = 1;
			remoteGlobalIDString = 45C65E7727AF5E97007EE755;
			remoteInfo = sampleMVP;
		};
		45C65E9927AF5E9A007EE755 /* PBXContainerItemProxy */ = {
			isa = PBXContainerItemProxy;
			containerPortal = 45C65E7027AF5E97007EE755 /* Project object */;
			proxyType = 1;
			remoteGlobalIDString = 45C65E7727AF5E97007EE755;
			remoteInfo = sampleMVP;
		};
/* End PBXContainerItemProxy section */

/* Begin PBXFileReference section */
		45C65E7827AF5E97007EE755 /* sampleMVP.app */ = {isa = PBXFileReference; explicitFileType = wrapper.application; includeInIndex = 0; path = sampleMVP.app; sourceTree = BUILT_PRODUCTS_DIR; };
		45C65E7B27AF5E97007EE755 /* AppDelegate.swift */ = {isa = PBXFileReference; lastKnownFileType = sourcecode.swift; path = AppDelegate.swift; sourceTree = "<group>"; };
		45C65E7D27AF5E97007EE755 /* SceneDelegate.swift */ = {isa = PBXFileReference; lastKnownFileType = sourcecode.swift; path = SceneDelegate.swift; sourceTree = "<group>"; };
		45C65E7F27AF5E97007EE755 /* ViewController.swift */ = {isa = PBXFileReference; lastKnownFileType = sourcecode.swift; path = ViewController.swift; sourceTree = "<group>"; };
		45C65E8227AF5E97007EE755 /* Base */ = {isa = PBXFileReference; lastKnownFileType = file.storyboard; name = Base; path = Base.lproj/Main.storyboard; sourceTree = "<group>"; };
		45C65E8727AF5E9A007EE755 /* Base */ = {isa = PBXFileReference; lastKnownFileType = file.storyboard; name = Base; path = Base.lproj/LaunchScreen.storyboard; sourceTree = "<group>"; };
		45C65E8927AF5E9A007EE755 /* Info.plist */ = {isa = PBXFileReference; lastKnownFileType = text.plist.xml; path = Info.plist; sourceTree = "<group>"; };
		45C65E8E27AF5E9A007EE755 /* sampleMVPTests.xctest */ = {isa = PBXFileReference; explicitFileType = wrapper.cfbundle; includeInIndex = 0; path = sampleMVPTests.xctest; sourceTree = BUILT_PRODUCTS_DIR; };
		45C65E9827AF5E9A007EE755 /* sampleMVPUITests.xctest */ = {isa = PBXFileReference; explicitFileType = wrapper.cfbundle; includeInIndex = 0; path = sampleMVPUITests.xctest; sourceTree = BUILT_PRODUCTS_DIR; };
		45C65EAE27AF614E007EE755 /* Presenter.swift */ = {isa = PBXFileReference; lastKnownFileType = sourcecode.swift; path = Presenter.swift; sourceTree = "<group>"; };
		45C65EB027AF6156007EE755 /* Model.swift */ = {isa = PBXFileReference; lastKnownFileType = sourcecode.swift; path = Model.swift; sourceTree = "<group>"; };
/* End PBXFileReference section */

/* Begin PBXFrameworksBuildPhase section */
		45C65E7527AF5E97007EE755 /* Frameworks */ = {
			isa = PBXFrameworksBuildPhase;
			buildActionMask = 2147483647;
			files = (
			);
			runOnlyForDeploymentPostprocessing = 0;
		};
		45C65E8B27AF5E9A007EE755 /* Frameworks */ = {
			isa = PBXFrameworksBuildPhase;
			buildActionMask = 2147483647;
			files = (
			);
			runOnlyForDeploymentPostprocessing = 0;
		};
		45C65E9527AF5E9A007EE755 /* Frameworks */ = {
			isa = PBXFrameworksBuildPhase;
			buildActionMask = 2147483647;
			files = (
			);
			runOnlyForDeploymentPostprocessing = 0;
		};
/* End PBXFrameworksBuildPhase section */

/* Begin PBXGroup section */
		45C65E6F27AF5E97007EE755 = {
			isa = PBXGroup;
			children = (
				45C65E7A27AF5E97007EE755 /* sampleMVP */,
				45C65E7927AF5E97007EE755 /* Products */,
			);
			sourceTree = "<group>";
		};
		45C65E7927AF5E97007EE755 /* Products */ = {
			isa = PBXGroup;
			children = (
				45C65E7827AF5E97007EE755 /* sampleMVP.app */,
				45C65E8E27AF5E9A007EE755 /* sampleMVPTests.xctest */,
				45C65E9827AF5E9A007EE755 /* sampleMVPUITests.xctest */,
			);
			name = Products;
			sourceTree = "<group>";
		};
		45C65E7A27AF5E97007EE755 /* sampleMVP */ = {
			isa = PBXGroup;
			children = (
				45C65EAD27AF6137007EE755 /* View */,
				45C65EAC27AF6130007EE755 /* Presenter */,
				45C65EAB27AF6129007EE755 /* Model */,
				45C65E7B27AF5E97007EE755 /* AppDelegate.swift */,
				45C65E7D27AF5E97007EE755 /* SceneDelegate.swift */,
				45C65E8627AF5E9A007EE755 /* LaunchScreen.storyboard */,
				45C65E8927AF5E9A007EE755 /* Info.plist */,
			);
			path = sampleMVP;
			sourceTree = "<group>";
		};
		45C65EAB27AF6129007EE755 /* Model */ = {
			isa = PBXGroup;
			children = (
				45C65EB027AF6156007EE755 /* Model.swift */,
			);
			path = Model;
			sourceTree = "<group>";
		};
		45C65EAC27AF6130007EE755 /* Presenter */ = {
			isa = PBXGroup;
			children = (
				45C65EAE27AF614E007EE755 /* Presenter.swift */,
			);
			path = Presenter;
			sourceTree = "<group>";
		};
		45C65EAD27AF6137007EE755 /* View */ = {
			isa = PBXGroup;
			children = (
				45C65E8127AF5E97007EE755 /* Main.storyboard */,
				45C65E7F27AF5E97007EE755 /* ViewController.swift */,
			);
			path = View;
			sourceTree = "<group>";
		};
/* End PBXGroup section */

/* Begin PBXNativeTarget section */
		45C65E7727AF5E97007EE755 /* sampleMVP */ = {
			isa = PBXNativeTarget;
			buildConfigurationList = 45C65EA227AF5E9A007EE755 /* Build configuration list for PBXNativeTarget "sampleMVP" */;
			buildPhases = (
				45C65E7427AF5E97007EE755 /* Sources */,
				45C65E7527AF5E97007EE755 /* Frameworks */,
				45C65E7627AF5E97007EE755 /* Resources */,
			);
			buildRules = (
			);
			dependencies = (
			);
			name = sampleMVP;
			productName = sampleMVP;
			productReference = 45C65E7827AF5E97007EE755 /* sampleMVP.app */;
			productType = "com.apple.product-type.application";
		};
		45C65E8D27AF5E9A007EE755 /* sampleMVPTests */ = {
			isa = PBXNativeTarget;
			buildConfigurationList = 45C65EA527AF5E9A007EE755 /* Build configuration list for PBXNativeTarget "sampleMVPTests" */;
			buildPhases = (
				45C65E8A27AF5E9A007EE755 /* Sources */,
				45C65E8B27AF5E9A007EE755 /* Frameworks */,
				45C65E8C27AF5E9A007EE755 /* Resources */,
			);
			buildRules = (
			);
			dependencies = (
				45C65E9027AF5E9A007EE755 /* PBXTargetDependency */,
			);
			name = sampleMVPTests;
			productName = sampleMVPTests;
			productReference = 45C65E8E27AF5E9A007EE755 /* sampleMVPTests.xctest */;
			productType = "com.apple.product-type.bundle.unit-test";
		};
		45C65E9727AF5E9A007EE755 /* sampleMVPUITests */ = {
			isa = PBXNativeTarget;
			buildConfigurationList = 45C65EA827AF5E9A007EE755 /* Build configuration list for PBXNativeTarget "sampleMVPUITests" */;
			buildPhases = (
				45C65E9427AF5E9A007EE755 /* Sources */,
				45C65E9527AF5E9A007EE755 /* Frameworks */,
				45C65E9627AF5E9A007EE755 /* Resources */,
			);
			buildRules = (
			);
			dependencies = (
				45C65E9A27AF5E9A007EE755 /* PBXTargetDependency */,
			);
			name = sampleMVPUITests;
			productName = sampleMVPUITests;
			productReference = 45C65E9827AF5E9A007EE755 /* sampleMVPUITests.xctest */;
			productType = "com.apple.product-type.bundle.ui-testing";
		};
/* End PBXNativeTarget section */

/* Begin PBXProject section */
		45C65E7027AF5E97007EE755 /* Project object */ = {
			isa = PBXProject;
			attributes = {
				BuildIndependentTargetsInParallel = 1;
				LastSwiftUpdateCheck = 1320;
				LastUpgradeCheck = 1320;
				TargetAttributes = {
					45C65E7727AF5E97007EE755 = {
						CreatedOnToolsVersion = 13.2.1;
					};
					45C65E8D27AF5E9A007EE755 = {
						CreatedOnToolsVersion = 13.2.1;
						TestTargetID = 45C65E7727AF5E97007EE755;
					};
					45C65E9727AF5E9A007EE755 = {
						CreatedOnToolsVersion = 13.2.1;
						TestTargetID = 45C65E7727AF5E97007EE755;
					};
				};
			};
			buildConfigurationList = 45C65E7327AF5E97007EE755 /* Build configuration list for PBXProject "sampleMVP" */;
			compatibilityVersion = "Xcode 13.0";
			developmentRegion = en;
			hasScannedForEncodings = 0;
			knownRegions = (
				en,
				Base,
			);
			mainGroup = 45C65E6F27AF5E97007EE755;
			productRefGroup = 45C65E7927AF5E97007EE755 /* Products */;
			projectDirPath = "";
			projectRoot = "";
			targets = (
				45C65E7727AF5E97007EE755 /* sampleMVP */,
				45C65E8D27AF5E9A007EE755 /* sampleMVPTests */,
				45C65E9727AF5E9A007EE755 /* sampleMVPUITests */,
			);
		};
/* End PBXProject section */

/* Begin PBXResourcesBuildPhase section */
		45C65E7627AF5E97007EE755 /* Resources */ = {
			isa = PBXResourcesBuildPhase;
			buildActionMask = 2147483647;
			files = (
				45C65E8827AF5E9A007EE755 /* LaunchScreen.storyboard in Resources */,
				45C65E8327AF5E97007EE755 /* Main.storyboard in Resources */,
			);
			runOnlyForDeploymentPostprocessing = 0;
		};
		45C65E8C27AF5E9A007EE755 /* Resources */ = {
			isa = PBXResourcesBuildPhase;
			buildActionMask = 2147483647;
			files = (
			);
			runOnlyForDeploymentPostprocessing = 0;
		};
		45C65E9627AF5E9A007EE755 /* Resources */ = {
			isa = PBXResourcesBuildPhase;
			buildActionMask = 2147483647;
			files = (
			);
			runOnlyForDeploymentPostprocessing = 0;
		};
/* End PBXResourcesBuildPhase section */

/* Begin PBXSourcesBuildPhase section */
		45C65E7427AF5E97007EE755 /* Sources */ = {
			isa = PBXSourcesBuildPhase;
			buildActionMask = 2147483647;
			files = (
				45C65EB127AF6156007EE755 /* Model.swift in Sources */,
				45C65E8027AF5E97007EE755 /* ViewController.swift in Sources */,
				45C65E7C27AF5E97007EE755 /* AppDelegate.swift in Sources */,
				45C65EAF27AF614E007EE755 /* Presenter.swift in Sources */,
				45C65E7E27AF5E97007EE755 /* SceneDelegate.swift in Sources */,
			);
			runOnlyForDeploymentPostprocessing = 0;
		};
		45C65E8A27AF5E9A007EE755 /* Sources */ = {
			isa = PBXSourcesBuildPhase;
			buildActionMask = 2147483647;
			files = (
			);
			runOnlyForDeploymentPostprocessing = 0;
		};
		45C65E9427AF5E9A007EE755 /* Sources */ = {
			isa = PBXSourcesBuildPhase;
			buildActionMask = 2147483647;
			files = (
			);
			runOnlyForDeploymentPostprocessing = 0;
		};
/* End PBXSourcesBuildPhase section */

/* Begin PBXTargetDependency section */
		45C65E9027AF5E9A007EE755 /* PBXTargetDependency */ = {
			isa = PBXTargetDependency;
			target = 45C65E7727AF5E97007EE755 /* sampleMVP */;
			targetProxy = 45C65E8F27AF5E9A007EE755 /* PBXContainerItemProxy */;
		};
		45C65E9A27AF5E9A007EE755 /* PBXTargetDependency */ = {
			isa = PBXTargetDependency;
			target = 45C65E7727AF5E97007EE755 /* sampleMVP */;
			targetProxy = 45C65E9927AF5E9A007EE755 /* PBXContainerItemProxy */;
		};
/* End PBXTargetDependency section */

/* Begin PBXVariantGroup section */
		45C65E8127AF5E97007EE755 /* Main.storyboard */ = {
			isa = PBXVariantGroup;
			children = (
				45C65E8227AF5E97007EE755 /* Base */,
			);
			name = Main.storyboard;
			sourceTree = "<group>";
		};
		45C65E8627AF5E9A007EE755 /* LaunchScreen.storyboard */ = {
			isa = PBXVariantGroup;
			children = (
				45C65E8727AF5E9A007EE755 /* Base */,
			);
			name = LaunchScreen.storyboard;
			sourceTree = "<group>";
		};
/* End PBXVariantGroup section */

/* Begin XCBuildConfiguration section */
		45C65EA027AF5E9A007EE755 /* Debug */ = {
			isa = XCBuildConfiguration;
			buildSettings = {
				ALWAYS_SEARCH_USER_PATHS = NO;
				CLANG_ANALYZER_NONNULL = YES;
				CLANG_ANALYZER_NUMBER_OBJECT_CONVERSION = YES_AGGRESSIVE;
				CLANG_CXX_LANGUAGE_STANDARD = "gnu++17";
				CLANG_CXX_LIBRARY = "libc++";
				CLANG_ENABLE_MODULES = YES;
				CLANG_ENABLE_OBJC_ARC = YES;
				CLANG_ENABLE_OBJC_WEAK = YES;
				CLANG_WARN_BLOCK_CAPTURE_AUTORELEASING = YES;
				CLANG_WARN_BOOL_CONVERSION = YES;
				CLANG_WARN_COMMA = YES;
				CLANG_WARN_CONSTANT_CONVERSION = YES;
				CLANG_WARN_DEPRECATED_OBJC_IMPLEMENTATIONS = YES;
				CLANG_WARN_DIRECT_OBJC_ISA_USAGE = YES_ERROR;
				CLANG_WARN_DOCUMENTATION_COMMENTS = YES;
				CLANG_WARN_EMPTY_BODY = YES;
				CLANG_WARN_ENUM_CONVERSION = YES;
				CLANG_WARN_INFINITE_RECURSION = YES;
				CLANG_WARN_INT_CONVERSION = YES;
				CLANG_WARN_NON_LITERAL_NULL_CONVERSION = YES;
				CLANG_WARN_OBJC_IMPLICIT_RETAIN_SELF = YES;
				CLANG_WARN_OBJC_LITERAL_CONVERSION = YES;
				CLANG_WARN_OBJC_ROOT_CLASS = YES_ERROR;
				CLANG_WARN_QUOTED_INCLUDE_IN_FRAMEWORK_HEADER = YES;
				CLANG_WARN_RANGE_LOOP_ANALYSIS = YES;
				CLANG_WARN_STRICT_PROTOTYPES = YES;
				CLANG_WARN_SUSPICIOUS_MOVE = YES;
				CLANG_WARN_UNGUARDED_AVAILABILITY = YES_AGGRESSIVE;
				CLANG_WARN_UNREACHABLE_CODE = YES;
				CLANG_WARN__DUPLICATE_METHOD_MATCH = YES;
				COPY_PHASE_STRIP = NO;
				DEBUG_INFORMATION_FORMAT = dwarf;
				ENABLE_STRICT_OBJC_MSGSEND = YES;
				ENABLE_TESTABILITY = YES;
				GCC_C_LANGUAGE_STANDARD = gnu11;
				GCC_DYNAMIC_NO_PIC = NO;
				GCC_NO_COMMON_BLOCKS = YES;
				GCC_OPTIMIZATION_LEVEL = 0;
				GCC_PREPROCESSOR_DEFINITIONS = (
					"DEBUG=1",
					"$(inherited)",
				);
				GCC_WARN_64_TO_32_BIT_CONVERSION = YES;
				GCC_WARN_ABOUT_RETURN_TYPE = YES_ERROR;
				GCC_WARN_UNDECLARED_SELECTOR = YES;
				GCC_WARN_UNINITIALIZED_AUTOS = YES_AGGRESSIVE;
				GCC_WARN_UNUSED_FUNCTION = YES;
				GCC_WARN_UNUSED_VARIABLE = YES;
				IPHONEOS_DEPLOYMENT_TARGET = 15.2;
				MTL_ENABLE_DEBUG_INFO = INCLUDE_SOURCE;
				MTL_FAST_MATH = YES;
				ONLY_ACTIVE_ARCH = YES;
				SDKROOT = iphoneos;
				SWIFT_ACTIVE_COMPILATION_CONDITIONS = DEBUG;
				SWIFT_OPTIMIZATION_LEVEL = "-Onone";
			};
			name = Debug;
		};
		45C65EA127AF5E9A007EE755 /* Release */ = {
			isa = XCBuildConfiguration;
			buildSettings = {
				ALWAYS_SEARCH_USER_PATHS = NO;
				CLANG_ANALYZER_NONNULL = YES;
				CLANG_ANALYZER_NUMBER_OBJECT_CONVERSION = YES_AGGRESSIVE;
				CLANG_CXX_LANGUAGE_STANDARD = "gnu++17";
				CLANG_CXX_LIBRARY = "libc++";
				CLANG_ENABLE_MODULES = YES;
				CLANG_ENABLE_OBJC_ARC = YES;
				CLANG_ENABLE_OBJC_WEAK = YES;
				CLANG_WARN_BLOCK_CAPTURE_AUTORELEASING = YES;
				CLANG_WARN_BOOL_CONVERSION = YES;
				CLANG_WARN_COMMA = YES;
				CLANG_WARN_CONSTANT_CONVERSION = YES;
				CLANG_WARN_DEPRECATED_OBJC_IMPLEMENTATIONS = YES;
				CLANG_WARN_DIRECT_OBJC_ISA_USAGE = YES_ERROR;
				CLANG_WARN_DOCUMENTATION_COMMENTS = YES;
				CLANG_WARN_EMPTY_BODY = YES;
				CLANG_WARN_ENUM_CONVERSION = YES;
				CLANG_WARN_INFINITE_RECURSION = YES;
				CLANG_WARN_INT_CONVERSION = YES;
				CLANG_WARN_NON_LITERAL_NULL_CONVERSION = YES;
				CLANG_WARN_OBJC_IMPLICIT_RETAIN_SELF = YES;
				CLANG_WARN_OBJC_LITERAL_CONVERSION = YES;
				CLANG_WARN_OBJC_ROOT_CLASS = YES_ERROR;
				CLANG_WARN_QUOTED_INCLUDE_IN_FRAMEWORK_HEADER = YES;
				CLANG_WARN_RANGE_LOOP_ANALYSIS = YES;
				CLANG_WARN_STRICT_PROTOTYPES = YES;
				CLANG_WARN_SUSPICIOUS_MOVE = YES;
				CLANG_WARN_UNGUARDED_AVAILABILITY = YES_AGGRESSIVE;
				CLANG_WARN_UNREACHABLE_CODE = YES;
				CLANG_WARN__DUPLICATE_METHOD_MATCH = YES;
				COPY_PHASE_STRIP = NO;
				DEBUG_INFORMATION_FORMAT = "dwarf-with-dsym";
				ENABLE_NS_ASSERTIONS = NO;
				ENABLE_STRICT_OBJC_MSGSEND = YES;
				GCC_C_LANGUAGE_STANDARD = gnu11;
				GCC_NO_COMMON_BLOCKS = YES;
				GCC_WARN_64_TO_32_BIT_CONVERSION = YES;
				GCC_WARN_ABOUT_RETURN_TYPE = YES_ERROR;
				GCC_WARN_UNDECLARED_SELECTOR = YES;
				GCC_WARN_UNINITIALIZED_AUTOS = YES_AGGRESSIVE;
				GCC_WARN_UNUSED_FUNCTION = YES;
				GCC_WARN_UNUSED_VARIABLE = YES;
				IPHONEOS_DEPLOYMENT_TARGET = 15.2;
				MTL_ENABLE_DEBUG_INFO = NO;
				MTL_FAST_MATH = YES;
				SDKROOT = iphoneos;
				SWIFT_COMPILATION_MODE = wholemodule;
				SWIFT_OPTIMIZATION_LEVEL = "-O";
				VALIDATE_PRODUCT = YES;
			};
			name = Release;
		};
		45C65EA327AF5E9A007EE755 /* Debug */ = {
			isa = XCBuildConfiguration;
			buildSettings = {
				ASSETCATALOG_COMPILER_APPICON_NAME = AppIcon;
				ASSETCATALOG_COMPILER_GLOBAL_ACCENT_COLOR_NAME = AccentColor;
				CODE_SIGN_STYLE = Automatic;
				CURRENT_PROJECT_VERSION = 1;
				DEVELOPMENT_TEAM = 4ZVQBU36QY;
				GENERATE_INFOPLIST_FILE = YES;
				INFOPLIST_FILE = sampleMVP/Info.plist;
				INFOPLIST_KEY_UIApplicationSupportsIndirectInputEvents = YES;
				INFOPLIST_KEY_UILaunchStoryboardName = LaunchScreen;
				INFOPLIST_KEY_UIMainStoryboardFile = Main;
				INFOPLIST_KEY_UISupportedInterfaceOrientations_iPad = "UIInterfaceOrientationPortrait UIInterfaceOrientationPortraitUpsideDown UIInterfaceOrientationLandscapeLeft UIInterfaceOrientationLandscapeRight";
				INFOPLIST_KEY_UISupportedInterfaceOrientations_iPhone = "UIInterfaceOrientationPortrait UIInterfaceOrientationLandscapeLeft UIInterfaceOrientationLandscapeRight";
				LD_RUNPATH_SEARCH_PATHS = (
					"$(inherited)",
					"@executable_path/Frameworks",
				);
				MARKETING_VERSION = 1.0;
				PRODUCT_BUNDLE_IDENTIFIER = com.yuken.sampleMVP;
				PRODUCT_NAME = "$(TARGET_NAME)";
				SWIFT_EMIT_LOC_STRINGS = YES;
				SWIFT_VERSION = 5.0;
				TARGETED_DEVICE_FAMILY = "1,2";
			};
			name = Debug;
		};
		45C65EA427AF5E9A007EE755 /* Release */ = {
			isa = XCBuildConfiguration;
			buildSettings = {
				ASSETCATALOG_COMPILER_APPICON_NAME = AppIcon;
				ASSETCATALOG_COMPILER_GLOBAL_ACCENT_COLOR_NAME = AccentColor;
				CODE_SIGN_STYLE = Automatic;
				CURRENT_PROJECT_VERSION = 1;
				DEVELOPMENT_TEAM = 4ZVQBU36QY;
				GENERATE_INFOPLIST_FILE = YES;
				INFOPLIST_FILE = sampleMVP/Info.plist;
				INFOPLIST_KEY_UIApplicationSupportsIndirectInputEvents = YES;
				INFOPLIST_KEY_UILaunchStoryboardName = LaunchScreen;
				INFOPLIST_KEY_UIMainStoryboardFile = Main;
				INFOPLIST_KEY_UISupportedInterfaceOrientations_iPad = "UIInterfaceOrientationPortrait UIInterfaceOrientationPortraitUpsideDown UIInterfaceOrientationLandscapeLeft UIInterfaceOrientationLandscapeRight";
				INFOPLIST_KEY_UISupportedInterfaceOrientations_iPhone = "UIInterfaceOrientationPortrait UIInterfaceOrientationLandscapeLeft UIInterfaceOrientationLandscapeRight";
				LD_RUNPATH_SEARCH_PATHS = (
					"$(inherited)",
					"@executable_path/Frameworks",
				);
				MARKETING_VERSION = 1.0;
				PRODUCT_BUNDLE_IDENTIFIER = com.yuken.sampleMVP;
				PRODUCT_NAME = "$(TARGET_NAME)";
				SWIFT_EMIT_LOC_STRINGS = YES;
				SWIFT_VERSION = 5.0;
				TARGETED_DEVICE_FAMILY = "1,2";
			};
			name = Release;
		};
		45C65EA627AF5E9A007EE755 /* Debug */ = {
			isa = XCBuildConfiguration;
			buildSettings = {
				ALWAYS_EMBED_SWIFT_STANDARD_LIBRARIES = YES;
				BUNDLE_LOADER = "$(TEST_HOST)";
				CODE_SIGN_STYLE = Automatic;
				CURRENT_PROJECT_VERSION = 1;
				DEVELOPMENT_TEAM = 4ZVQBU36QY;
				GENERATE_INFOPLIST_FILE = YES;
				IPHONEOS_DEPLOYMENT_TARGET = 15.2;
				MARKETING_VERSION = 1.0;
				PRODUCT_BUNDLE_IDENTIFIER = com.yuken.sampleMVPTests;
				PRODUCT_NAME = "$(TARGET_NAME)";
				SWIFT_EMIT_LOC_STRINGS = NO;
				SWIFT_VERSION = 5.0;
				TARGETED_DEVICE_FAMILY = "1,2";
				TEST_HOST = "$(BUILT_PRODUCTS_DIR)/sampleMVP.app/sampleMVP";
			};
			name = Debug;
		};
		45C65EA727AF5E9A007EE755 /* Release */ = {
			isa = XCBuildConfiguration;
			buildSettings = {
				ALWAYS_EMBED_SWIFT_STANDARD_LIBRARIES = YES;
				BUNDLE_LOADER = "$(TEST_HOST)";
				CODE_SIGN_STYLE = Automatic;
				CURRENT_PROJECT_VERSION = 1;
				DEVELOPMENT_TEAM = 4ZVQBU36QY;
				GENERATE_INFOPLIST_FILE = YES;
				IPHONEOS_DEPLOYMENT_TARGET = 15.2;
				MARKETING_VERSION = 1.0;
				PRODUCT_BUNDLE_IDENTIFIER = com.yuken.sampleMVPTests;
				PRODUCT_NAME = "$(TARGET_NAME)";
				SWIFT_EMIT_LOC_STRINGS = NO;
				SWIFT_VERSION = 5.0;
				TARGETED_DEVICE_FAMILY = "1,2";
				TEST_HOST = "$(BUILT_PRODUCTS_DIR)/sampleMVP.app/sampleMVP";
			};
			name = Release;
		};
		45C65EA927AF5E9A007EE755 /* Debug */ = {
			isa = XCBuildConfiguration;
			buildSettings = {
				ALWAYS_EMBED_SWIFT_STANDARD_LIBRARIES = YES;
				CODE_SIGN_STYLE = Automatic;
				CURRENT_PROJECT_VERSION = 1;
				DEVELOPMENT_TEAM = 4ZVQBU36QY;
				GENERATE_INFOPLIST_FILE = YES;
				MARKETING_VERSION = 1.0;
				PRODUCT_BUNDLE_IDENTIFIER = com.yuken.sampleMVPUITests;
				PRODUCT_NAME = "$(TARGET_NAME)";
				SWIFT_EMIT_LOC_STRINGS = NO;
				SWIFT_VERSION = 5.0;
				TARGETED_DEVICE_FAMILY = "1,2";
				TEST_TARGET_NAME = sampleMVP;
			};
			name = Debug;
		};
		45C65EAA27AF5E9A007EE755 /* Release */ = {
			isa = XCBuildConfiguration;
			buildSettings = {
				ALWAYS_EMBED_SWIFT_STANDARD_LIBRARIES = YES;
				CODE_SIGN_STYLE = Automatic;
				CURRENT_PROJECT_VERSION = 1;
				DEVELOPMENT_TEAM = 4ZVQBU36QY;
				GENERATE_INFOPLIST_FILE = YES;
				MARKETING_VERSION = 1.0;
				PRODUCT_BUNDLE_IDENTIFIER = com.yuken.sampleMVPUITests;
				PRODUCT_NAME = "$(TARGET_NAME)";
				SWIFT_EMIT_LOC_STRINGS = NO;
				SWIFT_VERSION = 5.0;
				TARGETED_DEVICE_FAMILY = "1,2";
				TEST_TARGET_NAME = sampleMVP;
			};
			name = Release;
		};
/* End XCBuildConfiguration section */

/* Begin XCConfigurationList section */
		45C65E7327AF5E97007EE755 /* Build configuration list for PBXProject "sampleMVP" */ = {
			isa = XCConfigurationList;
			buildConfigurations = (
				45C65EA027AF5E9A007EE755 /* Debug */,
				45C65EA127AF5E9A007EE755 /* Release */,
			);
			defaultConfigurationIsVisible = 0;
			defaultConfigurationName = Release;
		};
		45C65EA227AF5E9A007EE755 /* Build configuration list for PBXNativeTarget "sampleMVP" */ = {
			isa = XCConfigurationList;
			buildConfigurations = (
				45C65EA327AF5E9A007EE755 /* Debug */,
				45C65EA427AF5E9A007EE755 /* Release */,
			);
			defaultConfigurationIsVisible = 0;
			defaultConfigurationName = Release;
		};
		45C65EA527AF5E9A007EE755 /* Build configuration list for PBXNativeTarget "sampleMVPTests" */ = {
			isa = XCConfigurationList;
			buildConfigurations = (
				45C65EA627AF5E9A007EE755 /* Debug */,
				45C65EA727AF5E9A007EE755 /* Release */,
			);
			defaultConfigurationIsVisible = 0;
			defaultConfigurationName = Release;
		};
		45C65EA827AF5E9A007EE755 /* Build configuration list for PBXNativeTarget "sampleMVPUITests" */ = {
			isa = XCConfigurationList;
			buildConfigurations = (
				45C65EA927AF5E9A007EE755 /* Debug */,
				45C65EAA27AF5E9A007EE755 /* Release */,
			);
			defaultConfigurationIsVisible = 0;
			defaultConfigurationName = Release;
		};
/* End XCConfigurationList section */
	};
	rootObject = 45C65E7027AF5E97007EE755 /* Project object */;
}
